
Microsoft Visual Studio Solution File, Format Version 12.00
# Visual Studio Version 17
VisualStudioVersion = 17.4.33122.133
MinimumVisualStudioVersion = 10.0.40219.1
Project("{FAE04EC0-301F-11D3-BF4B-00C04F79EFBC}") = "Pokemons", "Pokemons\Pokemons.csproj", "{B8078874-D89F-45AC-80DF-71CDDC50808D}"
EndProject
Project("{FAE04EC0-301F-11D3-BF4B-00C04F79EFBC}") = "dominio", "dominio\dominio.csproj", "{1CB99CC0-3B3C-4EC3-BDFD-06D0DDCC2DBB}"
EndProject
Project("{FAE04EC0-301F-11D3-BF4B-00C04F79EFBC}") = "negocio", "negocio\negocio.csproj", "{A32E75A3-82C6-4C42-AC3A-F5BBD839B31A}"
EndProject
Global
	GlobalSection(SolutionConfigurationPlatforms) = preSolution
		Debug|Any CPU = Debug|Any CPU
		Release|Any CPU = Release|Any CPU
	EndGlobalSection
	GlobalSection(ProjectConfigurationPlatforms) = postSolution
		{B8078874-D89F-45AC-80DF-71CDDC50808D}.Debug|Any CPU.ActiveCfg = Debug|Any CPU
		{B8078874-D89F-45AC-80DF-71CDDC50808D}.Debug|Any CPU.Build.0 = Debug|Any CPU
		{B8078874-D89F-45AC-80DF-71CDDC50808D}.Release|Any CPU.ActiveCfg = Release|Any CPU
		{B8078874-D89F-45AC-80DF-71CDDC50808D}.Release|Any CPU.Build.0 = Release|Any CPU
		{1CB99CC0-3B3C-4EC3-BDFD-06D0DDCC2DBB}.Debug|Any CPU.ActiveCfg = Debug|Any CPU
		{1CB99CC0-3B3C-4EC3-BDFD-06D0DDCC2DBB}.Debug|Any CPU.Build.0 = Debug|Any CPU
		{1CB99CC0-3B3C-4EC3-BDFD-06D0DDCC2DBB}.Release|Any CPU.ActiveCfg = Release|Any CPU
		{1CB99CC0-3B3C-4EC3-BDFD-06D0DDCC2DBB}.Release|Any CPU.Build.0 = Release|Any CPU
		{A32E75A3-82C6-4C42-AC3A-F5BBD839B31A}.Debug|Any CPU.ActiveCfg = Debug|Any CPU
		{A32E75A3-82C6-4C42-AC3A-F5BBD839B31A}.Debug|Any CPU.Build.0 = Debug|Any CPU
		{A32E75A3-82C6-4C42-AC3A-F5BBD839B31A}.Release|Any CPU.ActiveCfg = Release|Any CPU
		{A32E75A3-82C6-4C42-AC3A-F5BBD839B31A}.Release|Any CPU.Build.0 = Release|Any CPU
	EndGlobalSection
	GlobalSection(SolutionProperties) = preSolution
		HideSolutionNode = FALSE
	EndGlobalSection
	GlobalSection(ExtensibilityGlobals) = postSolution
		SolutionGuid = {D6CA9332-3782-4E82-936A-DBAB97E456E4}
	EndGlobalSection
EndGlobal
